// !$*UTF8*$!
{
	archiveVersion = 1;
	classes = {
	};
	objectVersion = 46;
	objects = {

/* Begin PBXBuildFile section */
		367045DF1EDACC2F009B392A /* main.swift in Sources */ = {isa = PBXBuildFile; fileRef = 367045DE1EDACC2F009B392A /* main.swift */; };
		367045EB1EDAE11B009B392A /* HelperFunctions.swift in Sources */ = {isa = PBXBuildFile; fileRef = 367045EA1EDAE11B009B392A /* HelperFunctions.swift */; };
		367045ED1EDAE13E009B392A /* String+COAdditions.swift in Sources */ = {isa = PBXBuildFile; fileRef = 367045EC1EDAE13E009B392A /* String+COAdditions.swift */; };
		367045EF1EDAE1DD009B392A /* WSDLDefinitionParser.swift in Sources */ = {isa = PBXBuildFile; fileRef = 367045EE1EDAE1DD009B392A /* WSDLDefinitionParser.swift */; };
		367045F11EDAE31C009B392A /* XML2SwiftFiles.swift in Sources */ = {isa = PBXBuildFile; fileRef = 367045F01EDAE31C009B392A /* XML2SwiftFiles.swift */; };
		367046391EDB0038009B392A /* Readme.txt in CopyFiles */ = {isa = PBXBuildFile; fileRef = 367046381EDAFFBF009B392A /* Readme.txt */; };
/* End PBXBuildFile section */

/* Begin PBXCopyFilesBuildPhase section */
		367045D91EDACC2F009B392A /* CopyFiles */ = {
			isa = PBXCopyFilesBuildPhase;
			buildActionMask = 12;
			dstPath = "";
			dstSubfolderSpec = 7;
			files = (
				367046391EDB0038009B392A /* Readme.txt in CopyFiles */,
			);
			runOnlyForDeploymentPostprocessing = 0;
		};
/* End PBXCopyFilesBuildPhase section */

/* Begin PBXFileReference section */
		367045DB1EDACC2F009B392A /* ServicesFromWSDL */ = {isa = PBXFileReference; explicitFileType = "compiled.mach-o.executable"; includeInIndex = 0; path = ServicesFromWSDL; sourceTree = BUILT_PRODUCTS_DIR; };
		367045DE1EDACC2F009B392A /* main.swift */ = {isa = PBXFileReference; lastKnownFileType = sourcecode.swift; path = main.swift; sourceTree = "<group>"; };
		367045E51EDAE0B7009B392A /* .swiftlint.yml */ = {isa = PBXFileReference; fileEncoding = 4; lastKnownFileType = text; path = .swiftlint.yml; sourceTree = "<group>"; };
		367045E61EDAE0B7009B392A /* .gitignore */ = {isa = PBXFileReference; fileEncoding = 4; lastKnownFileType = text; path = .gitignore; sourceTree = "<group>"; };
		367045E71EDAE0E7009B392A /* README.md */ = {isa = PBXFileReference; fileEncoding = 4; lastKnownFileType = net.daringfireball.markdown; path = README.md; sourceTree = "<group>"; };
		367045E81EDAE0E7009B392A /* LICENSE */ = {isa = PBXFileReference; fileEncoding = 4; lastKnownFileType = text; path = LICENSE; sourceTree = "<group>"; };
		367045EA1EDAE11B009B392A /* HelperFunctions.swift */ = {isa = PBXFileReference; fileEncoding = 4; lastKnownFileType = sourcecode.swift; path = HelperFunctions.swift; sourceTree = "<group>"; };
		367045EC1EDAE13E009B392A /* String+COAdditions.swift */ = {isa = PBXFileReference; fileEncoding = 4; lastKnownFileType = sourcecode.swift; path = "String+COAdditions.swift"; sourceTree = "<group>"; };
		367045EE1EDAE1DD009B392A /* WSDLDefinitionParser.swift */ = {isa = PBXFileReference; fileEncoding = 4; lastKnownFileType = sourcecode.swift; path = WSDLDefinitionParser.swift; sourceTree = "<group>"; };
		367045F01EDAE31C009B392A /* XML2SwiftFiles.swift */ = {isa = PBXFileReference; fileEncoding = 4; lastKnownFileType = sourcecode.swift; path = XML2SwiftFiles.swift; sourceTree = "<group>"; };
		367046241EDAE7C1009B392A /* info.xml */ = {isa = PBXFileReference; fileEncoding = 4; lastKnownFileType = text.xml; path = info.xml; sourceTree = "<group>"; };
		367046251EDAE7C1009B392A /* tracking.xml */ = {isa = PBXFileReference; fileEncoding = 4; lastKnownFileType = text.xml; path = tracking.xml; sourceTree = "<group>"; };
		367046261EDAE7C1009B392A /* user.xml */ = {isa = PBXFileReference; fileEncoding = 4; lastKnownFileType = text.xml; path = user.xml; sourceTree = "<group>"; };
		367046381EDAFFBF009B392A /* Readme.txt */ = {isa = PBXFileReference; fileEncoding = 4; lastKnownFileType = text; path = Readme.txt; sourceTree = "<group>"; };
		367046681EDB6B9B009B392A /* InformationService.swift */ = {isa = PBXFileReference; fileEncoding = 4; lastKnownFileType = sourcecode.swift; path = InformationService.swift; sourceTree = "<group>"; };
		367046691EDB6B9B009B392A /* TrackingManagementService.swift */ = {isa = PBXFileReference; fileEncoding = 4; lastKnownFileType = sourcecode.swift; path = TrackingManagementService.swift; sourceTree = "<group>"; };
		3670466A1EDB6B9B009B392A /* UserManagementService.swift */ = {isa = PBXFileReference; fileEncoding = 4; lastKnownFileType = sourcecode.swift; path = UserManagementService.swift; sourceTree = "<group>"; };
		3670466B1EDB6B9B009B392A /* DTOParentInfo.json */ = {isa = PBXFileReference; fileEncoding = 4; lastKnownFileType = text.json; path = DTOParentInfo.json; sourceTree = "<group>"; };
/* End PBXFileReference section */

/* Begin PBXFrameworksBuildPhase section */
		367045D81EDACC2F009B392A /* Frameworks */ = {
			isa = PBXFrameworksBuildPhase;
			buildActionMask = 2147483647;
			files = (
			);
			runOnlyForDeploymentPostprocessing = 0;
		};
/* End PBXFrameworksBuildPhase section */

/* Begin PBXGroup section */
		367045D21EDACC2F009B392A = {
			isa = PBXGroup;
			children = (
				367045E71EDAE0E7009B392A /* README.md */,
				367045E81EDAE0E7009B392A /* LICENSE */,
				367045E61EDAE0B7009B392A /* .gitignore */,
				367045E51EDAE0B7009B392A /* .swiftlint.yml */,
				367045DD1EDACC2F009B392A /* ServicesFromWSDL */,
				367045DC1EDACC2F009B392A /* Products */,
			);
			sourceTree = "<group>";
		};
		367045DC1EDACC2F009B392A /* Products */ = {
			isa = PBXGroup;
			children = (
				367045DB1EDACC2F009B392A /* ServicesFromWSDL */,
			);
			name = Products;
			sourceTree = "<group>";
		};
		367045DD1EDACC2F009B392A /* ServicesFromWSDL */ = {
			isa = PBXGroup;
			children = (
				367045DE1EDACC2F009B392A /* main.swift */,
				367045EE1EDAE1DD009B392A /* WSDLDefinitionParser.swift */,
				367045F01EDAE31C009B392A /* XML2SwiftFiles.swift */,
				367045EA1EDAE11B009B392A /* HelperFunctions.swift */,
				367045EC1EDAE13E009B392A /* String+COAdditions.swift */,
				367045F21EDAE74D009B392A /* example */,
				367046381EDAFFBF009B392A /* Readme.txt */,
			);
			path = ServicesFromWSDL;
			sourceTree = "<group>";
		};
		367045F21EDAE74D009B392A /* example */ = {
			isa = PBXGroup;
			children = (
				367045F41EDAE74D009B392A /* GeneratedFiles */,
				367046211EDAE74D009B392A /* wsdl */,
			);
			path = example;
			sourceTree = "<group>";
		};
		367045F41EDAE74D009B392A /* GeneratedFiles */ = {
			isa = PBXGroup;
			children = (
				367046681EDB6B9B009B392A /* InformationService.swift */,
				367046691EDB6B9B009B392A /* TrackingManagementService.swift */,
				3670466A1EDB6B9B009B392A /* UserManagementService.swift */,
				3670466B1EDB6B9B009B392A /* DTOParentInfo.json */,
			);
			path = GeneratedFiles;
			sourceTree = "<group>";
		};
		367046211EDAE74D009B392A /* wsdl */ = {
			isa = PBXGroup;
			children = (
				367046241EDAE7C1009B392A /* info.xml */,
				367046251EDAE7C1009B392A /* tracking.xml */,
				367046261EDAE7C1009B392A /* user.xml */,
			);
			path = wsdl;
			sourceTree = "<group>";
		};
/* End PBXGroup section */

/* Begin PBXNativeTarget section */
		367045DA1EDACC2F009B392A /* ServicesFromWSDL */ = {
			isa = PBXNativeTarget;
			buildConfigurationList = 367045E21EDACC2F009B392A /* Build configuration list for PBXNativeTarget "ServicesFromWSDL" */;
			buildPhases = (
				367045D71EDACC2F009B392A /* Sources */,
				367045D81EDACC2F009B392A /* Frameworks */,
				367045D91EDACC2F009B392A /* CopyFiles */,
				3670463A1EDB006E009B392A /* ShellScript */,
			);
			buildRules = (
			);
			dependencies = (
			);
			name = ServicesFromWSDL;
			productName = ServicesFromWSDL;
			productReference = 367045DB1EDACC2F009B392A /* ServicesFromWSDL */;
			productType = "com.apple.product-type.tool";
		};
/* End PBXNativeTarget section */

/* Begin PBXProject section */
		367045D31EDACC2F009B392A /* Project object */ = {
			isa = PBXProject;
			attributes = {
				LastSwiftUpdateCheck = 0830;
				LastUpgradeCheck = 0830;
				ORGANIZATIONNAME = Farbflash;
				TargetAttributes = {
					367045DA1EDACC2F009B392A = {
						CreatedOnToolsVersion = 8.3.2;
						DevelopmentTeam = GNGL9A39VR;
						ProvisioningStyle = Automatic;
					};
				};
			};
			buildConfigurationList = 367045D61EDACC2F009B392A /* Build configuration list for PBXProject "ServicesFromWSDL" */;
			compatibilityVersion = "Xcode 3.2";
			developmentRegion = English;
			hasScannedForEncodings = 0;
			knownRegions = (
				en,
			);
			mainGroup = 367045D21EDACC2F009B392A;
			productRefGroup = 367045DC1EDACC2F009B392A /* Products */;
			projectDirPath = "";
			projectRoot = "";
			targets = (
				367045DA1EDACC2F009B392A /* ServicesFromWSDL */,
			);
		};
/* End PBXProject section */

/* Begin PBXShellScriptBuildPhase section */
		3670463A1EDB006E009B392A /* ShellScript */ = {
			isa = PBXShellScriptBuildPhase;
			buildActionMask = 2147483647;
			files = (
			);
			inputPaths = (
			);
			outputPaths = (
			);
			runOnlyForDeploymentPostprocessing = 0;
			shellPath = /bin/sh;
			shellScript = "if which swiftlint >/dev/null; then\nswiftlint autocorrect\nswiftlint\nelse\necho \"warning: SwiftLint not installed, download from https://github.com/realm/SwiftLint\"\nfi\n";
		};
/* End PBXShellScriptBuildPhase section */

/* Begin PBXSourcesBuildPhase section */
		367045D71EDACC2F009B392A /* Sources */ = {
			isa = PBXSourcesBuildPhase;
			buildActionMask = 2147483647;
			files = (
				367045DF1EDACC2F009B392A /* main.swift in Sources */,
				367045EF1EDAE1DD009B392A /* WSDLDefinitionParser.swift in Sources */,
				367045EB1EDAE11B009B392A /* HelperFunctions.swift in Sources */,
				367045F11EDAE31C009B392A /* XML2SwiftFiles.swift in Sources */,
				367045ED1EDAE13E009B392A /* String+COAdditions.swift in Sources */,
			);
			runOnlyForDeploymentPostprocessing = 0;
		};
/* End PBXSourcesBuildPhase section */

/* Begin XCBuildConfiguration section */
		367045E01EDACC2F009B392A /* Debug */ = {
			isa = XCBuildConfiguration;
			buildSettings = {
				ALWAYS_SEARCH_USER_PATHS = NO;
				CLANG_ANALYZER_NONNULL = YES;
				CLANG_ANALYZER_NUMBER_OBJECT_CONVERSION = YES_AGGRESSIVE;
				CLANG_CXX_LANGUAGE_STANDARD = "gnu++0x";
				CLANG_CXX_LIBRARY = "libc++";
				CLANG_ENABLE_MODULES = YES;
				CLANG_ENABLE_OBJC_ARC = YES;
				CLANG_WARN_BOOL_CONVERSION = YES;
				CLANG_WARN_CONSTANT_CONVERSION = YES;
				CLANG_WARN_DIRECT_OBJC_ISA_USAGE = YES_ERROR;
				CLANG_WARN_DOCUMENTATION_COMMENTS = YES;
				CLANG_WARN_EMPTY_BODY = YES;
				CLANG_WARN_ENUM_CONVERSION = YES;
				CLANG_WARN_INFINITE_RECURSION = YES;
				CLANG_WARN_INT_CONVERSION = YES;
				CLANG_WARN_OBJC_ROOT_CLASS = YES_ERROR;
				CLANG_WARN_SUSPICIOUS_MOVE = YES;
				CLANG_WARN_UNREACHABLE_CODE = YES;
				CLANG_WARN__DUPLICATE_METHOD_MATCH = YES;
				CODE_SIGN_IDENTITY = "-";
				COPY_PHASE_STRIP = NO;
				DEBUG_INFORMATION_FORMAT = dwarf;
				ENABLE_STRICT_OBJC_MSGSEND = YES;
				ENABLE_TESTABILITY = YES;
				GCC_C_LANGUAGE_STANDARD = gnu99;
				GCC_DYNAMIC_NO_PIC = NO;
				GCC_NO_COMMON_BLOCKS = YES;
				GCC_OPTIMIZATION_LEVEL = 0;
				GCC_PREPROCESSOR_DEFINITIONS = (
					"DEBUG=1",
					"$(inherited)",
				);
				GCC_WARN_64_TO_32_BIT_CONVERSION = YES;
				GCC_WARN_ABOUT_RETURN_TYPE = YES_ERROR;
				GCC_WARN_UNDECLARED_SELECTOR = YES;
				GCC_WARN_UNINITIALIZED_AUTOS = YES_AGGRESSIVE;
				GCC_WARN_UNUSED_FUNCTION = YES;
				GCC_WARN_UNUSED_VARIABLE = YES;
				MACOSX_DEPLOYMENT_TARGET = 10.12;
				MTL_ENABLE_DEBUG_INFO = YES;
				ONLY_ACTIVE_ARCH = YES;
				SDKROOT = macosx;
				SWIFT_OPTIMIZATION_LEVEL = "-Onone";
			};
			name = Debug;
		};
		367045E11EDACC2F009B392A /* Release */ = {
			isa = XCBuildConfiguration;
			buildSettings = {
				ALWAYS_SEARCH_USER_PATHS = NO;
				CLANG_ANALYZER_NONNULL = YES;
				CLANG_ANALYZER_NUMBER_OBJECT_CONVERSION = YES_AGGRESSIVE;
				CLANG_CXX_LANGUAGE_STANDARD = "gnu++0x";
				CLANG_CXX_LIBRARY = "libc++";
				CLANG_ENABLE_MODULES = YES;
				CLANG_ENABLE_OBJC_ARC = YES;
				CLANG_WARN_BOOL_CONVERSION = YES;
				CLANG_WARN_CONSTANT_CONVERSION = YES;
				CLANG_WARN_DIRECT_OBJC_ISA_USAGE = YES_ERROR;
				CLANG_WARN_DOCUMENTATION_COMMENTS = YES;
				CLANG_WARN_EMPTY_BODY = YES;
				CLANG_WARN_ENUM_CONVERSION = YES;
				CLANG_WARN_INFINITE_RECURSION = YES;
				CLANG_WARN_INT_CONVERSION = YES;
				CLANG_WARN_OBJC_ROOT_CLASS = YES_ERROR;
				CLANG_WARN_SUSPICIOUS_MOVE = YES;
				CLANG_WARN_UNREACHABLE_CODE = YES;
				CLANG_WARN__DUPLICATE_METHOD_MATCH = YES;
				CODE_SIGN_IDENTITY = "-";
				COPY_PHASE_STRIP = NO;
				DEBUG_INFORMATION_FORMAT = "dwarf-with-dsym";
				ENABLE_NS_ASSERTIONS = NO;
				ENABLE_STRICT_OBJC_MSGSEND = YES;
				GCC_C_LANGUAGE_STANDARD = gnu99;
				GCC_NO_COMMON_BLOCKS = YES;
				GCC_WARN_64_TO_32_BIT_CONVERSION = YES;
				GCC_WARN_ABOUT_RETURN_TYPE = YES_ERROR;
				GCC_WARN_UNDECLARED_SELECTOR = YES;
				GCC_WARN_UNINITIALIZED_AUTOS = YES_AGGRESSIVE;
				GCC_WARN_UNUSED_FUNCTION = YES;
				GCC_WARN_UNUSED_VARIABLE = YES;
				MACOSX_DEPLOYMENT_TARGET = 10.12;
				MTL_ENABLE_DEBUG_INFO = NO;
				SDKROOT = macosx;
			};
			name = Release;
		};
		367045E31EDACC2F009B392A /* Debug */ = {
			isa = XCBuildConfiguration;
			buildSettings = {
				DEVELOPMENT_TEAM = GNGL9A39VR;
				PRODUCT_NAME = "$(TARGET_NAME)";
				SWIFT_VERSION = 3.0;
			};
			name = Debug;
		};
		367045E41EDACC2F009B392A /* Release */ = {
			isa = XCBuildConfiguration;
			buildSettings = {
				DEVELOPMENT_TEAM = GNGL9A39VR;
				PRODUCT_NAME = "$(TARGET_NAME)";
				SWIFT_VERSION = 3.0;
			};
			name = Release;
		};
/* End XCBuildConfiguration section */

/* Begin XCConfigurationList section */
		367045D61EDACC2F009B392A /* Build configuration list for PBXProject "ServicesFromWSDL" */ = {
			isa = XCConfigurationList;
			buildConfigurations = (
				367045E01EDACC2F009B392A /* Debug */,
				367045E11EDACC2F009B392A /* Release */,
			);
			defaultConfigurationIsVisible = 0;
			defaultConfigurationName = Release;
		};
		367045E21EDACC2F009B392A /* Build configuration list for PBXNativeTarget "ServicesFromWSDL" */ = {
			isa = XCConfigurationList;
			buildConfigurations = (
				367045E31EDACC2F009B392A /* Debug */,
				367045E41EDACC2F009B392A /* Release */,
			);
			defaultConfigurationIsVisible = 0;
		};
/* End XCConfigurationList section */
	};
	rootObject = 367045D31EDACC2F009B392A /* Project object */;
}
